PODS:
  - Alamofire (4.7.2)
  - SmartcarAuth (2.0.1)
  - SwiftyJSON (4.2.0)

DEPENDENCIES:
  - Alamofire (~> 4.7)
  - SmartcarAuth
  - SwiftyJSON (~> 4.0)

SPEC REPOS:
  https://github.com/cocoapods/specs.git:
    - Alamofire
    - SmartcarAuth
    - SwiftyJSON

SPEC CHECKSUMS:
  Alamofire: e4fa87002c137ba2d8d634d2c51fabcda0d5c223
  SmartcarAuth: f1671f79f07fd837c351cfb1a7482ca5ba618581
  SwiftyJSON: c4bcba26dd9ec7a027fc8eade48e2c911f229e96

PODFILE CHECKSUM: 7143d0b34d88b1bb291462998124880aff389d4a

COCOAPODS: 1.5.2
